
Microsoft Visual Studio Solution File, Format Version 12.00
# Visual Studio Version 16
VisualStudioVersion = 16.0.29519.87
MinimumVisualStudioVersion = 10.0.40219.1
Project("{9A19103F-16F7-4668-BE54-9A1E7A4F7556}") = "Web_project", "Web_project\Web_project.csproj", "{A0E4B042-80EB-47C3-ABDD-FA892298D13C}"
EndProject
Project("{9A19103F-16F7-4668-BE54-9A1E7A4F7556}") = "IdentityServer", "IdentityServer\IdentityServer.csproj", "{D07C81AB-2BE7-43C0-8208-1DD3A61EAC10}"
EndProject
Project("{9A19103F-16F7-4668-BE54-9A1E7A4F7556}") = "Api", "ApiExternes\Api.csproj", "{C95EFE03-C160-4A9F-B9F2-96C6019790D4}"
EndProject
Project("{9A19103F-16F7-4668-BE54-9A1E7A4F7556}") = "MesModels", "MesModeles\MesModels.csproj", "{8AC5608A-1F52-48E5-A1AC-151697C82BF4}"
EndProject
Project("{9A19103F-16F7-4668-BE54-9A1E7A4F7556}") = "MesContexts", "MesContexts\MesContexts.csproj", "{9B32C7EF-F1FE-4A38-9A6D-ECB9FBB50BE5}"
EndProject
Global
	GlobalSection(SolutionConfigurationPlatforms) = preSolution
		Debug|Any CPU = Debug|Any CPU
		Release|Any CPU = Release|Any CPU
	EndGlobalSection
	GlobalSection(ProjectConfigurationPlatforms) = postSolution
		{A0E4B042-80EB-47C3-ABDD-FA892298D13C}.Debug|Any CPU.ActiveCfg = Debug|Any CPU
		{A0E4B042-80EB-47C3-ABDD-FA892298D13C}.Debug|Any CPU.Build.0 = Debug|Any CPU
		{A0E4B042-80EB-47C3-ABDD-FA892298D13C}.Release|Any CPU.ActiveCfg = Release|Any CPU
		{A0E4B042-80EB-47C3-ABDD-FA892298D13C}.Release|Any CPU.Build.0 = Release|Any CPU
		{D07C81AB-2BE7-43C0-8208-1DD3A61EAC10}.Debug|Any CPU.ActiveCfg = Debug|Any CPU
		{D07C81AB-2BE7-43C0-8208-1DD3A61EAC10}.Debug|Any CPU.Build.0 = Debug|Any CPU
		{D07C81AB-2BE7-43C0-8208-1DD3A61EAC10}.Release|Any CPU.ActiveCfg = Release|Any CPU
		{D07C81AB-2BE7-43C0-8208-1DD3A61EAC10}.Release|Any CPU.Build.0 = Release|Any CPU
		{C95EFE03-C160-4A9F-B9F2-96C6019790D4}.Debug|Any CPU.ActiveCfg = Debug|Any CPU
		{C95EFE03-C160-4A9F-B9F2-96C6019790D4}.Debug|Any CPU.Build.0 = Debug|Any CPU
		{C95EFE03-C160-4A9F-B9F2-96C6019790D4}.Release|Any CPU.ActiveCfg = Release|Any CPU
		{C95EFE03-C160-4A9F-B9F2-96C6019790D4}.Release|Any CPU.Build.0 = Release|Any CPU
		{8AC5608A-1F52-48E5-A1AC-151697C82BF4}.Debug|Any CPU.ActiveCfg = Debug|Any CPU
		{8AC5608A-1F52-48E5-A1AC-151697C82BF4}.Debug|Any CPU.Build.0 = Debug|Any CPU
		{8AC5608A-1F52-48E5-A1AC-151697C82BF4}.Release|Any CPU.ActiveCfg = Release|Any CPU
		{8AC5608A-1F52-48E5-A1AC-151697C82BF4}.Release|Any CPU.Build.0 = Release|Any CPU
		{9B32C7EF-F1FE-4A38-9A6D-ECB9FBB50BE5}.Debug|Any CPU.ActiveCfg = Debug|Any CPU
		{9B32C7EF-F1FE-4A38-9A6D-ECB9FBB50BE5}.Debug|Any CPU.Build.0 = Debug|Any CPU
		{9B32C7EF-F1FE-4A38-9A6D-ECB9FBB50BE5}.Release|Any CPU.ActiveCfg = Release|Any CPU
		{9B32C7EF-F1FE-4A38-9A6D-ECB9FBB50BE5}.Release|Any CPU.Build.0 = Release|Any CPU
	EndGlobalSection
	GlobalSection(SolutionProperties) = preSolution
		HideSolutionNode = FALSE
	EndGlobalSection
	GlobalSection(ExtensibilityGlobals) = postSolution
		SolutionGuid = {8C48697C-8F5C-4C12-99A8-32F87FE600D2}
	EndGlobalSection
EndGlobal
